
Microsoft Visual Studio Solution File, Format Version 12.00
# Visual Studio 15
VisualStudioVersion = 15.0.28307.572
MinimumVisualStudioVersion = 10.0.40219.1
Project("{9A19103F-16F7-4668-BE54-9A1E7A4F7556}") = "Neomer.Fabula.Web", "Neomer.Fabula.Web\Neomer.Fabula.Web.csproj", "{F7D6EACC-2DAD-4387-9724-61627B4FCF76}"
EndProject
Project("{2150E333-8FDC-42A3-9474-1A3956D46DE8}") = "SDK", "SDK", "{64036976-6B82-4825-976E-1638A7B47A26}"
EndProject
Project("{9A19103F-16F7-4668-BE54-9A1E7A4F7556}") = "Neomer.Fabula.SDK", "Neomer.Fabula.SDK\Neomer.Fabula.SDK.csproj", "{E2650443-FCFB-444F-99A9-45C25E74AC84}"
EndProject
Project("{2150E333-8FDC-42A3-9474-1A3956D46DE8}") = "Tests", "Tests", "{8D238955-F5F7-445F-BD09-41A5229286B8}"
EndProject
Project("{9A19103F-16F7-4668-BE54-9A1E7A4F7556}") = "Neomer.Fabula.SDK.Tests", "Neomer.Fabula.SDK.Tests\Neomer.Fabula.SDK.Tests.csproj", "{187EC621-DDE7-4C9D-960F-8075EFC2B6B0}"
EndProject
Project("{FAE04EC0-301F-11D3-BF4B-00C04F79EFBC}") = "Neomer.Fabula.SDK.Web", "Neomer.Fabula.SDK.Web\Neomer.Fabula.SDK.Web.csproj", "{0EC21A89-E8A3-4626-ADD9-7037360A9CD6}"
EndProject
Global
	GlobalSection(SolutionConfigurationPlatforms) = preSolution
		Debug|Any CPU = Debug|Any CPU
		Release|Any CPU = Release|Any CPU
	EndGlobalSection
	GlobalSection(ProjectConfigurationPlatforms) = postSolution
		{F7D6EACC-2DAD-4387-9724-61627B4FCF76}.Debug|Any CPU.ActiveCfg = Debug|Any CPU
		{F7D6EACC-2DAD-4387-9724-61627B4FCF76}.Debug|Any CPU.Build.0 = Debug|Any CPU
		{F7D6EACC-2DAD-4387-9724-61627B4FCF76}.Release|Any CPU.ActiveCfg = Release|Any CPU
		{F7D6EACC-2DAD-4387-9724-61627B4FCF76}.Release|Any CPU.Build.0 = Release|Any CPU
		{E2650443-FCFB-444F-99A9-45C25E74AC84}.Debug|Any CPU.ActiveCfg = Debug|Any CPU
		{E2650443-FCFB-444F-99A9-45C25E74AC84}.Debug|Any CPU.Build.0 = Debug|Any CPU
		{E2650443-FCFB-444F-99A9-45C25E74AC84}.Release|Any CPU.ActiveCfg = Release|Any CPU
		{E2650443-FCFB-444F-99A9-45C25E74AC84}.Release|Any CPU.Build.0 = Release|Any CPU
		{187EC621-DDE7-4C9D-960F-8075EFC2B6B0}.Debug|Any CPU.ActiveCfg = Debug|Any CPU
		{187EC621-DDE7-4C9D-960F-8075EFC2B6B0}.Debug|Any CPU.Build.0 = Debug|Any CPU
		{187EC621-DDE7-4C9D-960F-8075EFC2B6B0}.Release|Any CPU.ActiveCfg = Release|Any CPU
		{187EC621-DDE7-4C9D-960F-8075EFC2B6B0}.Release|Any CPU.Build.0 = Release|Any CPU
		{0EC21A89-E8A3-4626-ADD9-7037360A9CD6}.Debug|Any CPU.ActiveCfg = Debug|Any CPU
		{0EC21A89-E8A3-4626-ADD9-7037360A9CD6}.Debug|Any CPU.Build.0 = Debug|Any CPU
		{0EC21A89-E8A3-4626-ADD9-7037360A9CD6}.Release|Any CPU.ActiveCfg = Release|Any CPU
		{0EC21A89-E8A3-4626-ADD9-7037360A9CD6}.Release|Any CPU.Build.0 = Release|Any CPU
	EndGlobalSection
	GlobalSection(SolutionProperties) = preSolution
		HideSolutionNode = FALSE
	EndGlobalSection
	GlobalSection(NestedProjects) = preSolution
		{E2650443-FCFB-444F-99A9-45C25E74AC84} = {64036976-6B82-4825-976E-1638A7B47A26}
		{187EC621-DDE7-4C9D-960F-8075EFC2B6B0} = {8D238955-F5F7-445F-BD09-41A5229286B8}
		{0EC21A89-E8A3-4626-ADD9-7037360A9CD6} = {64036976-6B82-4825-976E-1638A7B47A26}
	EndGlobalSection
	GlobalSection(ExtensibilityGlobals) = postSolution
		SolutionGuid = {0D5D10D9-1659-4E89-8336-7D41049DE697}
	EndGlobalSection
EndGlobal
